
Microsoft Visual Studio Solution File, Format Version 12.00
# Visual Studio Version 17
VisualStudioVersion = 17.7.34221.43
MinimumVisualStudioVersion = 10.0.40219.1
Project("{9A19103F-16F7-4668-BE54-9A1E7A4F7556}") = "AzimuthMonitor", "AzimuthMonitor.csproj", "{52BFB942-8490-4E38-B12C-BE882EB511CF}"
EndProject
Global
	GlobalSection(SolutionConfigurationPlatforms) = preSolution
		Debug|Any CPU = Debug|Any CPU
		Release|Any CPU = Release|Any CPU
	EndGlobalSection
	GlobalSection(ProjectConfigurationPlatforms) = postSolution
		{52BFB942-8490-4E38-B12C-BE882EB511CF}.Debug|Any CPU.ActiveCfg = Debug|Any CPU
		{52BFB942-8490-4E38-B12C-BE882EB511CF}.Debug|Any CPU.Build.0 = Debug|Any CPU
		{52BFB942-8490-4E38-B12C-BE882EB511CF}.Release|Any CPU.ActiveCfg = Release|Any CPU
		{52BFB942-8490-4E38-B12C-BE882EB511CF}.Release|Any CPU.Build.0 = Release|Any CPU
	EndGlobalSection
	GlobalSection(SolutionProperties) = preSolution
		HideSolutionNode = FALSE
	EndGlobalSection
	GlobalSection(ExtensibilityGlobals) = postSolution
		SolutionGuid = {76BF5861-BB7F-4262-974B-6BCACD28E3F7}
	EndGlobalSection
EndGlobal
